
Microsoft Visual Studio Solution File, Format Version 12.00
# Visual Studio Version 16
VisualStudioVersion = 16.0.29613.14
MinimumVisualStudioVersion = 10.0.40219.1
Project("{FAE04EC0-301F-11D3-BF4B-00C04F79EFBC}") = "MayMeow.Blog.Web", "MayMeow.Blog.Web\MayMeow.Blog.Web.csproj", "{37197AF1-0425-48F5-B265-EC57B2FE1F32}"
EndProject
Project("{FAE04EC0-301F-11D3-BF4B-00C04F79EFBC}") = "MayMeow.Blog.Entities", "MayMeow.Blog.Entities\MayMeow.Blog.Entities.csproj", "{5341628B-CBC7-4EA5-9826-DD99127BCDA2}"
EndProject
Project("{FAE04EC0-301F-11D3-BF4B-00C04F79EFBC}") = "MayMeow.Blog.Data", "MayMeow.Blog.Data\MayMeow.Blog.Data.csproj", "{EBF5AC4D-D146-4152-B842-16E7906EB575}"
EndProject
Global
	GlobalSection(SolutionConfigurationPlatforms) = preSolution
		Debug|Any CPU = Debug|Any CPU
		Release|Any CPU = Release|Any CPU
	EndGlobalSection
	GlobalSection(ProjectConfigurationPlatforms) = postSolution
		{37197AF1-0425-48F5-B265-EC57B2FE1F32}.Debug|Any CPU.ActiveCfg = Debug|Any CPU
		{37197AF1-0425-48F5-B265-EC57B2FE1F32}.Debug|Any CPU.Build.0 = Debug|Any CPU
		{37197AF1-0425-48F5-B265-EC57B2FE1F32}.Release|Any CPU.ActiveCfg = Release|Any CPU
		{37197AF1-0425-48F5-B265-EC57B2FE1F32}.Release|Any CPU.Build.0 = Release|Any CPU
		{5341628B-CBC7-4EA5-9826-DD99127BCDA2}.Debug|Any CPU.ActiveCfg = Debug|Any CPU
		{5341628B-CBC7-4EA5-9826-DD99127BCDA2}.Debug|Any CPU.Build.0 = Debug|Any CPU
		{5341628B-CBC7-4EA5-9826-DD99127BCDA2}.Release|Any CPU.ActiveCfg = Release|Any CPU
		{5341628B-CBC7-4EA5-9826-DD99127BCDA2}.Release|Any CPU.Build.0 = Release|Any CPU
		{EBF5AC4D-D146-4152-B842-16E7906EB575}.Debug|Any CPU.ActiveCfg = Debug|Any CPU
		{EBF5AC4D-D146-4152-B842-16E7906EB575}.Debug|Any CPU.Build.0 = Debug|Any CPU
		{EBF5AC4D-D146-4152-B842-16E7906EB575}.Release|Any CPU.ActiveCfg = Release|Any CPU
		{EBF5AC4D-D146-4152-B842-16E7906EB575}.Release|Any CPU.Build.0 = Release|Any CPU
	EndGlobalSection
	GlobalSection(SolutionProperties) = preSolution
		HideSolutionNode = FALSE
	EndGlobalSection
	GlobalSection(ExtensibilityGlobals) = postSolution
		SolutionGuid = {AE31FC5C-575F-4CA6-9CC1-DECFAAA5CF3C}
	EndGlobalSection
EndGlobal
